
Microsoft Visual Studio Solution File, Format Version 12.00
# Visual Studio 15
VisualStudioVersion = 15.0.28307.106
MinimumVisualStudioVersion = 10.0.40219.1
Project("{FAE04EC0-301F-11D3-BF4B-00C04F79EFBC}") = "PSWASP", "PSWASP\PSWASP.csproj", "{B1818AAE-D0A0-4263-A3FE-F629D5F29852}"
EndProject
Project("{FAE04EC0-301F-11D3-BF4B-00C04F79EFBC}") = "PSWASP.Tests", "PSWASP.Tests\PSWASP.Tests.csproj", "{4A8E992D-A924-41A2-9FE7-2CB66F22C4A7}"
EndProject
Global
	GlobalSection(SolutionConfigurationPlatforms) = preSolution
		Debug|Any CPU = Debug|Any CPU
		Release|Any CPU = Release|Any CPU
	EndGlobalSection
	GlobalSection(ProjectConfigurationPlatforms) = postSolution
		{B1818AAE-D0A0-4263-A3FE-F629D5F29852}.Debug|Any CPU.ActiveCfg = Debug|Any CPU
		{B1818AAE-D0A0-4263-A3FE-F629D5F29852}.Debug|Any CPU.Build.0 = Debug|Any CPU
		{B1818AAE-D0A0-4263-A3FE-F629D5F29852}.Release|Any CPU.ActiveCfg = Release|Any CPU
		{B1818AAE-D0A0-4263-A3FE-F629D5F29852}.Release|Any CPU.Build.0 = Release|Any CPU
		{4A8E992D-A924-41A2-9FE7-2CB66F22C4A7}.Debug|Any CPU.ActiveCfg = Debug|Any CPU
		{4A8E992D-A924-41A2-9FE7-2CB66F22C4A7}.Debug|Any CPU.Build.0 = Debug|Any CPU
		{4A8E992D-A924-41A2-9FE7-2CB66F22C4A7}.Release|Any CPU.ActiveCfg = Release|Any CPU
		{4A8E992D-A924-41A2-9FE7-2CB66F22C4A7}.Release|Any CPU.Build.0 = Release|Any CPU
	EndGlobalSection
	GlobalSection(SolutionProperties) = preSolution
		HideSolutionNode = FALSE
	EndGlobalSection
	GlobalSection(ExtensibilityGlobals) = postSolution
		SolutionGuid = {E2A389E7-245D-4ED7-9F21-C24337483DBB}
	EndGlobalSection
EndGlobal
